
Microsoft Visual Studio Solution File, Format Version 12.00
# Visual Studio 2012
Project("{FAE04EC0-301F-11D3-BF4B-00C04F79EFBC}") = "RepasoExamen", "RepasoExamen.csproj", "{DEA0ADA9-39BB-4CF0-800C-D6BA8D8E20C6}"
EndProject
Global
	GlobalSection(SolutionConfigurationPlatforms) = preSolution
		Debug|x86 = Debug|x86
		Release|x86 = Release|x86
	EndGlobalSection
	GlobalSection(ProjectConfigurationPlatforms) = postSolution
		{DEA0ADA9-39BB-4CF0-800C-D6BA8D8E20C6}.Debug|x86.ActiveCfg = Debug|x86
		{DEA0ADA9-39BB-4CF0-800C-D6BA8D8E20C6}.Debug|x86.Build.0 = Debug|x86
		{DEA0ADA9-39BB-4CF0-800C-D6BA8D8E20C6}.Release|x86.ActiveCfg = Release|x86
		{DEA0ADA9-39BB-4CF0-800C-D6BA8D8E20C6}.Release|x86.Build.0 = Release|x86
	EndGlobalSection
EndGlobal
